// !$*UTF8*$!
{
	archiveVersion = 1;
	classes = {
	};
	objectVersion = 50;
	objects = {

/* Begin PBXBuildFile section */
		BA4B54B720E97D7200F5749F /* AppDelegate.swift in Sources */ = {isa = PBXBuildFile; fileRef = BA4B54B620E97D7200F5749F /* AppDelegate.swift */; };
		BA4B54B920E97D7200F5749F /* ViewController.swift in Sources */ = {isa = PBXBuildFile; fileRef = BA4B54B820E97D7200F5749F /* ViewController.swift */; };
		BA4B54BC20E97D7200F5749F /* Main.storyboard in Resources */ = {isa = PBXBuildFile; fileRef = BA4B54BA20E97D7200F5749F /* Main.storyboard */; };
		BA4B54BE20E97D7400F5749F /* Assets.xcassets in Resources */ = {isa = PBXBuildFile; fileRef = BA4B54BD20E97D7400F5749F /* Assets.xcassets */; };
		BA4B54C120E97D7400F5749F /* LaunchScreen.storyboard in Resources */ = {isa = PBXBuildFile; fileRef = BA4B54BF20E97D7400F5749F /* LaunchScreen.storyboard */; };
		BA4B54CA20E99B8400F5749F /* paperPlane.scn in Resources */ = {isa = PBXBuildFile; fileRef = BA4B54C920E99B8400F5749F /* paperPlane.scn */; };
		BA4B54CC20E99E0C00F5749F /* car.dae in Resources */ = {isa = PBXBuildFile; fileRef = BA4B54CB20E99E0C00F5749F /* car.dae */; };
/* End PBXBuildFile section */

/* Begin PBXFileReference section */
		BA4B54B320E97D7200F5749F /* ARKit #1.app */ = {isa = PBXFileReference; explicitFileType = wrapper.application; includeInIndex = 0; path = "ARKit #1.app"; sourceTree = BUILT_PRODUCTS_DIR; };
		BA4B54B620E97D7200F5749F /* AppDelegate.swift */ = {isa = PBXFileReference; lastKnownFileType = sourcecode.swift; path = AppDelegate.swift; sourceTree = "<group>"; };
		BA4B54B820E97D7200F5749F /* ViewController.swift */ = {isa = PBXFileReference; lastKnownFileType = sourcecode.swift; path = ViewController.swift; sourceTree = "<group>"; };
		BA4B54BB20E97D7200F5749F /* Base */ = {isa = PBXFileReference; lastKnownFileType = file.storyboard; name = Base; path = Base.lproj/Main.storyboard; sourceTree = "<group>"; };
		BA4B54BD20E97D7400F5749F /* Assets.xcassets */ = {isa = PBXFileReference; lastKnownFileType = folder.assetcatalog; path = Assets.xcassets; sourceTree = "<group>"; };
		BA4B54C020E97D7400F5749F /* Base */ = {isa = PBXFileReference; lastKnownFileType = file.storyboard; name = Base; path = Base.lproj/LaunchScreen.storyboard; sourceTree = "<group>"; };
		BA4B54C220E97D7400F5749F /* Info.plist */ = {isa = PBXFileReference; lastKnownFileType = text.plist.xml; path = Info.plist; sourceTree = "<group>"; };
		BA4B54C920E99B8400F5749F /* paperPlane.scn */ = {isa = PBXFileReference; lastKnownFileType = file.bplist; name = paperPlane.scn; path = "../../../../ARKit3DDemo/ARKit3DDemo/3D Objects/paperPlane.scn"; sourceTree = "<group>"; };
		BA4B54CB20E99E0C00F5749F /* car.dae */ = {isa = PBXFileReference; fileEncoding = 4; lastKnownFileType = text.xml.dae; name = car.dae; path = "../../../../ARKit3DDemo/ARKit3DDemo/3D Objects/car.dae"; sourceTree = "<group>"; };
/* End PBXFileReference section */

/* Begin PBXFrameworksBuildPhase section */
		BA4B54B020E97D7200F5749F /* Frameworks */ = {
			isa = PBXFrameworksBuildPhase;
			buildActionMask = 2147483647;
			files = (
			);
			runOnlyForDeploymentPostprocessing = 0;
		};
/* End PBXFrameworksBuildPhase section */

/* Begin PBXGroup section */
		BA4B54AA20E97D7200F5749F = {
			isa = PBXGroup;
			children = (
				BA4B54B520E97D7200F5749F /* ARKit #1 */,
				BA4B54B420E97D7200F5749F /* Products */,
			);
			sourceTree = "<group>";
		};
		BA4B54B420E97D7200F5749F /* Products */ = {
			isa = PBXGroup;
			children = (
				BA4B54B320E97D7200F5749F /* ARKit #1.app */,
			);
			name = Products;
			sourceTree = "<group>";
		};
		BA4B54B520E97D7200F5749F /* ARKit #1 */ = {
			isa = PBXGroup;
			children = (
				BA4B54C820E99B6400F5749F /* 3D Objects */,
				BA4B54B620E97D7200F5749F /* AppDelegate.swift */,
				BA4B54B820E97D7200F5749F /* ViewController.swift */,
				BA4B54BA20E97D7200F5749F /* Main.storyboard */,
				BA4B54BD20E97D7400F5749F /* Assets.xcassets */,
				BA4B54BF20E97D7400F5749F /* LaunchScreen.storyboard */,
				BA4B54C220E97D7400F5749F /* Info.plist */,
			);
			path = "ARKit #1";
			sourceTree = "<group>";
		};
		BA4B54C820E99B6400F5749F /* 3D Objects */ = {
			isa = PBXGroup;
			children = (
				BA4B54C920E99B8400F5749F /* paperPlane.scn */,
				BA4B54CB20E99E0C00F5749F /* car.dae */,
			);
			path = "3D Objects";
			sourceTree = "<group>";
		};
/* End PBXGroup section */

/* Begin PBXNativeTarget section */
		BA4B54B220E97D7200F5749F /* ARKit #1 */ = {
			isa = PBXNativeTarget;
			buildConfigurationList = BA4B54C520E97D7400F5749F /* Build configuration list for PBXNativeTarget "ARKit #1" */;
			buildPhases = (
				BA4B54AF20E97D7200F5749F /* Sources */,
				BA4B54B020E97D7200F5749F /* Frameworks */,
				BA4B54B120E97D7200F5749F /* Resources */,
			);
			buildRules = (
			);
			dependencies = (
			);
			name = "ARKit #1";
			productName = "ARKit #1";
			productReference = BA4B54B320E97D7200F5749F /* ARKit #1.app */;
			productType = "com.apple.product-type.application";
		};
/* End PBXNativeTarget section */

/* Begin PBXProject section */
		BA4B54AB20E97D7200F5749F /* Project object */ = {
			isa = PBXProject;
			attributes = {
				LastSwiftUpdateCheck = 0940;
				LastUpgradeCheck = 0940;
				ORGANIZATIONNAME = "Wallace Junior";
				TargetAttributes = {
					BA4B54B220E97D7200F5749F = {
						CreatedOnToolsVersion = 9.4.1;
					};
				};
			};
			buildConfigurationList = BA4B54AE20E97D7200F5749F /* Build configuration list for PBXProject "ARKit #1" */;
			compatibilityVersion = "Xcode 9.3";
			developmentRegion = en;
			hasScannedForEncodings = 0;
			knownRegions = (
				en,
				Base,
			);
			mainGroup = BA4B54AA20E97D7200F5749F;
			productRefGroup = BA4B54B420E97D7200F5749F /* Products */;
			projectDirPath = "";
			projectRoot = "";
			targets = (
				BA4B54B220E97D7200F5749F /* ARKit #1 */,
			);
		};
/* End PBXProject section */

/* Begin PBXResourcesBuildPhase section */
		BA4B54B120E97D7200F5749F /* Resources */ = {
			isa = PBXResourcesBuildPhase;
			buildActionMask = 2147483647;
			files = (
				BA4B54CA20E99B8400F5749F /* paperPlane.scn in Resources */,
				BA4B54C120E97D7400F5749F /* LaunchScreen.storyboard in Resources */,
				BA4B54BE20E97D7400F5749F /* Assets.xcassets in Resources */,
				BA4B54CC20E99E0C00F5749F /* car.dae in Resources */,
				BA4B54BC20E97D7200F5749F /* Main.storyboard in Resources */,
			);
			runOnlyForDeploymentPostprocessing = 0;
		};
/* End PBXResourcesBuildPhase section */

/* Begin PBXSourcesBuildPhase section */
		BA4B54AF20E97D7200F5749F /* Sources */ = {
			isa = PBXSourcesBuildPhase;
			buildActionMask = 2147483647;
			files = (
				BA4B54B920E97D7200F5749F /* ViewController.swift in Sources */,
				BA4B54B720E97D7200F5749F /* AppDelegate.swift in Sources */,
			);
			runOnlyForDeploymentPostprocessing = 0;
		};
/* End PBXSourcesBuildPhase section */

/* Begin PBXVariantGroup section */
		BA4B54BA20E97D7200F5749F /* Main.storyboard */ = {
			isa = PBXVariantGroup;
			children = (
				BA4B54BB20E97D7200F5749F /* Base */,
			);
			name = Main.storyboard;
			sourceTree = "<group>";
		};
		BA4B54BF20E97D7400F5749F /* LaunchScreen.storyboard */ = {
			isa = PBXVariantGroup;
			children = (
				BA4B54C020E97D7400F5749F /* Base */,
			);
			name = LaunchScreen.storyboard;
			sourceTree = "<group>";
		};
/* End PBXVariantGroup section */

/* Begin XCBuildConfiguration section */
		BA4B54C320E97D7400F5749F /* Debug */ = {
			isa = XCBuildConfiguration;
			buildSettings = {
				ALWAYS_SEARCH_USER_PATHS = NO;
				CLANG_ANALYZER_NONNULL = YES;
				CLANG_ANALYZER_NUMBER_OBJECT_CONVERSION = YES_AGGRESSIVE;
				CLANG_CXX_LANGUAGE_STANDARD = "gnu++14";
				CLANG_CXX_LIBRARY = "libc++";
				CLANG_ENABLE_MODULES = YES;
				CLANG_ENABLE_OBJC_ARC = YES;
				CLANG_ENABLE_OBJC_WEAK = YES;
				CLANG_WARN_BLOCK_CAPTURE_AUTORELEASING = YES;
				CLANG_WARN_BOOL_CONVERSION = YES;
				CLANG_WARN_COMMA = YES;
				CLANG_WARN_CONSTANT_CONVERSION = YES;
				CLANG_WARN_DEPRECATED_OBJC_IMPLEMENTATIONS = YES;
				CLANG_WARN_DIRECT_OBJC_ISA_USAGE = YES_ERROR;
				CLANG_WARN_DOCUMENTATION_COMMENTS = YES;
				CLANG_WARN_EMPTY_BODY = YES;
				CLANG_WARN_ENUM_CONVERSION = YES;
				CLANG_WARN_INFINITE_RECURSION = YES;
				CLANG_WARN_INT_CONVERSION = YES;
				CLANG_WARN_NON_LITERAL_NULL_CONVERSION = YES;
				CLANG_WARN_OBJC_IMPLICIT_RETAIN_SELF = YES;
				CLANG_WARN_OBJC_LITERAL_CONVERSION = YES;
				CLANG_WARN_OBJC_ROOT_CLASS = YES_ERROR;
				CLANG_WARN_RANGE_LOOP_ANALYSIS = YES;
				CLANG_WARN_STRICT_PROTOTYPES = YES;
				CLANG_WARN_SUSPICIOUS_MOVE = YES;
				CLANG_WARN_UNGUARDED_AVAILABILITY = YES_AGGRESSIVE;
				CLANG_WARN_UNREACHABLE_CODE = YES;
				CLANG_WARN__DUPLICATE_METHOD_MATCH = YES;
				CODE_SIGN_IDENTITY = "iPhone Developer";
				COPY_PHASE_STRIP = NO;
				DEBUG_INFORMATION_FORMAT = dwarf;
				ENABLE_STRICT_OBJC_MSGSEND = YES;
				ENABLE_TESTABILITY = YES;
				GCC_C_LANGUAGE_STANDARD = gnu11;
				GCC_DYNAMIC_NO_PIC = NO;
				GCC_NO_COMMON_BLOCKS = YES;
				GCC_OPTIMIZATION_LEVEL = 0;
				GCC_PREPROCESSOR_DEFINITIONS = (
					"DEBUG=1",
					"$(inherited)",
				);
				GCC_WARN_64_TO_32_BIT_CONVERSION = YES;
				GCC_WARN_ABOUT_RETURN_TYPE = YES_ERROR;
				GCC_WARN_UNDECLARED_SELECTOR = YES;
				GCC_WARN_UNINITIALIZED_AUTOS = YES_AGGRESSIVE;
				GCC_WARN_UNUSED_FUNCTION = YES;
				GCC_WARN_UNUSED_VARIABLE = YES;
				IPHONEOS_DEPLOYMENT_TARGET = 11.4;
				MTL_ENABLE_DEBUG_INFO = YES;
				ONLY_ACTIVE_ARCH = YES;
				SDKROOT = iphoneos;
				SWIFT_ACTIVE_COMPILATION_CONDITIONS = DEBUG;
				SWIFT_OPTIMIZATION_LEVEL = "-Onone";
			};
			name = Debug;
		};
		BA4B54C420E97D7400F5749F /* Release */ = {
			isa = XCBuildConfiguration;
			buildSettings = {
				ALWAYS_SEARCH_USER_PATHS = NO;
				CLANG_ANALYZER_NONNULL = YES;
				CLANG_ANALYZER_NUMBER_OBJECT_CONVERSION = YES_AGGRESSIVE;
				CLANG_CXX_LANGUAGE_STANDARD = "gnu++14";
				CLANG_CXX_LIBRARY = "libc++";
				CLANG_ENABLE_MODULES = YES;
				CLANG_ENABLE_OBJC_ARC = YES;
				CLANG_ENABLE_OBJC_WEAK = YES;
				CLANG_WARN_BLOCK_CAPTURE_AUTORELEASING = YES;
				CLANG_WARN_BOOL_CONVERSION = YES;
				CLANG_WARN_COMMA = YES;
				CLANG_WARN_CONSTANT_CONVERSION = YES;
				CLANG_WARN_DEPRECATED_OBJC_IMPLEMENTATIONS = YES;
				CLANG_WARN_DIRECT_OBJC_ISA_USAGE = YES_ERROR;
				CLANG_WARN_DOCUMENTATION_COMMENTS = YES;
				CLANG_WARN_EMPTY_BODY = YES;
				CLANG_WARN_ENUM_CONVERSION = YES;
				CLANG_WARN_INFINITE_RECURSION = YES;
				CLANG_WARN_INT_CONVERSION = YES;
				CLANG_WARN_NON_LITERAL_NULL_CONVERSION = YES;
				CLANG_WARN_OBJC_IMPLICIT_RETAIN_SELF = YES;
				CLANG_WARN_OBJC_LITERAL_CONVERSION = YES;
				CLANG_WARN_OBJC_ROOT_CLASS = YES_ERROR;
				CLANG_WARN_RANGE_LOOP_ANALYSIS = YES;
				CLANG_WARN_STRICT_PROTOTYPES = YES;
				CLANG_WARN_SUSPICIOUS_MOVE = YES;
				CLANG_WARN_UNGUARDED_AVAILABILITY = YES_AGGRESSIVE;
				CLANG_WARN_UNREACHABLE_CODE = YES;
				CLANG_WARN__DUPLICATE_METHOD_MATCH = YES;
				CODE_SIGN_IDENTITY = "iPhone Developer";
				COPY_PHASE_STRIP = NO;
				DEBUG_INFORMATION_FORMAT = "dwarf-with-dsym";
				ENABLE_NS_ASSERTIONS = NO;
				ENABLE_STRICT_OBJC_MSGSEND = YES;
				GCC_C_LANGUAGE_STANDARD = gnu11;
				GCC_NO_COMMON_BLOCKS = YES;
				GCC_WARN_64_TO_32_BIT_CONVERSION = YES;
				GCC_WARN_ABOUT_RETURN_TYPE = YES_ERROR;
				GCC_WARN_UNDECLARED_SELECTOR = YES;
				GCC_WARN_UNINITIALIZED_AUTOS = YES_AGGRESSIVE;
				GCC_WARN_UNUSED_FUNCTION = YES;
				GCC_WARN_UNUSED_VARIABLE = YES;
				IPHONEOS_DEPLOYMENT_TARGET = 11.4;
				MTL_ENABLE_DEBUG_INFO = NO;
				SDKROOT = iphoneos;
				SWIFT_COMPILATION_MODE = wholemodule;
				SWIFT_OPTIMIZATION_LEVEL = "-O";
				VALIDATE_PRODUCT = YES;
			};
			name = Release;
		};
		BA4B54C620E97D7400F5749F /* Debug */ = {
			isa = XCBuildConfiguration;
			buildSettings = {
				ASSETCATALOG_COMPILER_APPICON_NAME = AppIcon;
				CODE_SIGN_STYLE = Automatic;
				DEVELOPMENT_TEAM = U47XPGS9CK;
				INFOPLIST_FILE = "ARKit #1/Info.plist";
				LD_RUNPATH_SEARCH_PATHS = (
					"$(inherited)",
					"@executable_path/Frameworks",
				);
				PRODUCT_BUNDLE_IDENTIFIER = "wssj2.ARKit--1";
				PRODUCT_NAME = "$(TARGET_NAME)";
				SWIFT_VERSION = 4.0;
				TARGETED_DEVICE_FAMILY = "1,2";
			};
			name = Debug;
		};
		BA4B54C720E97D7400F5749F /* Release */ = {
			isa = XCBuildConfiguration;
			buildSettings = {
				ASSETCATALOG_COMPILER_APPICON_NAME = AppIcon;
				CODE_SIGN_STYLE = Automatic;
				DEVELOPMENT_TEAM = U47XPGS9CK;
				INFOPLIST_FILE = "ARKit #1/Info.plist";
				LD_RUNPATH_SEARCH_PATHS = (
					"$(inherited)",
					"@executable_path/Frameworks",
				);
				PRODUCT_BUNDLE_IDENTIFIER = "wssj2.ARKit--1";
				PRODUCT_NAME = "$(TARGET_NAME)";
				SWIFT_VERSION = 4.0;
				TARGETED_DEVICE_FAMILY = "1,2";
			};
			name = Release;
		};
/* End XCBuildConfiguration section */

/* Begin XCConfigurationList section */
		BA4B54AE20E97D7200F5749F /* Build configuration list for PBXProject "ARKit #1" */ = {
			isa = XCConfigurationList;
			buildConfigurations = (
				BA4B54C320E97D7400F5749F /* Debug */,
				BA4B54C420E97D7400F5749F /* Release */,
			);
			defaultConfigurationIsVisible = 0;
			defaultConfigurationName = Release;
		};
		BA4B54C520E97D7400F5749F /* Build configuration list for PBXNativeTarget "ARKit #1" */ = {
			isa = XCConfigurationList;
			buildConfigurations = (
				BA4B54C620E97D7400F5749F /* Debug */,
				BA4B54C720E97D7400F5749F /* Release */,
			);
			defaultConfigurationIsVisible = 0;
			defaultConfigurationName = Release;
		};
/* End XCConfigurationList section */
	};
	rootObject = BA4B54AB20E97D7200F5749F /* Project object */;
}
